{
  "nodes": {
    "emacs-overlay": {
      "inputs": {
        "flake-utils": "flake-utils",
        "nixpkgs": [
          "nixpkgs"
        ]
      },
      "locked": {
        "lastModified": 1661284014,
        "narHash": "sha256-yc0kAEKFn+r5KuNwmDcZmHPALM3plrQBcsjpeC0vGZs=",
        "owner": "nix-community",
        "repo": "emacs-overlay",
        "rev": "88cb5bfd3f9aa6c133a2f841c94042f238c0f24a",
        "type": "github"
      },
      "original": {
        "owner": "nix-community",
        "repo": "emacs-overlay",
        "type": "github"
      }
    },
    "emacs-src": {
      "flake": false,
      "locked": {
        "lastModified": 1661281718,
        "narHash": "sha256-bE5RptK/hU0ztVyJX0VohVnJLHF0xHu66JhqJEzqk54=",
        "ref": "refs/heads/master",
        "rev": "67a15ce1564ce35ece24a19f00e03a36e0575746",
        "revCount": 159326,
        "type": "git",
        "url": "https:///mirrors.ustc.edu.cn/emacs.git"
      },
      "original": {
        "type": "git",
        "url": "https:///mirrors.ustc.edu.cn/emacs.git"
      }
    },
    "flake-utils": {
      "locked": {
        "lastModified": 1659877975,
        "narHash": "sha256-zllb8aq3YO3h8B/U0/J1WBgAL8EX5yWf5pMj3G0NAmc=",
        "owner": "numtide",
        "repo": "flake-utils",
        "rev": "c0e246b9b83f637f4681389ecabcb2681b4f3af0",
        "type": "github"
      },
      "original": {
        "owner": "numtide",
        "repo": "flake-utils",
        "type": "github"
      }
    },
    "flake-utils_2": {
      "locked": {
        "lastModified": 1659877975,
        "narHash": "sha256-zllb8aq3YO3h8B/U0/J1WBgAL8EX5yWf5pMj3G0NAmc=",
        "owner": "numtide",
        "repo": "flake-utils",
        "rev": "c0e246b9b83f637f4681389ecabcb2681b4f3af0",
        "type": "github"
      },
      "original": {
        "owner": "numtide",
        "repo": "flake-utils",
        "type": "github"
      }
    },
    "nixpkgs": {
      "locked": {
        "lastModified": 1661303354,
        "narHash": "sha256-8adAZbooReckbu8B4rpy6KBYD5q1RjE94cnYNT29vkk=",
        "owner": "nixos",
        "repo": "nixpkgs",
        "rev": "a9eb012780b7dafae80cf15ca1d9b5b1c50fe9b8",
        "type": "github"
      },
      "original": {
        "owner": "nixos",
        "ref": "master",
        "repo": "nixpkgs",
        "type": "github"
      }
    },
    "root": {
      "inputs": {
        "emacs-overlay": "emacs-overlay",
        "emacs-src": "emacs-src",
        "flake-utils": "flake-utils_2",
        "nixpkgs": "nixpkgs"
      }
    }
  },
  "root": "root",
  "version": 7
}
